// !$*UTF8*$!
{
	archiveVersion = 1;
	classes = {
	};
	objectVersion = 55;
	objects = {

/* Begin PBXBuildFile section */
		AB271660280C19ED00F094F3 /* RoundedViews.swift in Sources */ = {isa = PBXBuildFile; fileRef = AB27165F280C19ED00F094F3 /* RoundedViews.swift */; };
		AB271661280C19ED00F094F3 /* RoundedViews.swift in Sources */ = {isa = PBXBuildFile; fileRef = AB27165F280C19ED00F094F3 /* RoundedViews.swift */; };
		AB271663280C291B00F094F3 /* BackgroundView.swift in Sources */ = {isa = PBXBuildFile; fileRef = AB271662280C291B00F094F3 /* BackgroundView.swift */; };
		AB271664280C291B00F094F3 /* BackgroundView.swift in Sources */ = {isa = PBXBuildFile; fileRef = AB271662280C291B00F094F3 /* BackgroundView.swift */; };
		AB5C968B28084BCE0068EE76 /* BullseyeApp.swift in Sources */ = {isa = PBXBuildFile; fileRef = AB5C967B28084BCC0068EE76 /* BullseyeApp.swift */; };
		AB5C968C28084BCE0068EE76 /* BullseyeApp.swift in Sources */ = {isa = PBXBuildFile; fileRef = AB5C967B28084BCC0068EE76 /* BullseyeApp.swift */; };
		AB5C968D28084BCE0068EE76 /* ContentView.swift in Sources */ = {isa = PBXBuildFile; fileRef = AB5C967C28084BCC0068EE76 /* ContentView.swift */; };
		AB5C968E28084BCE0068EE76 /* ContentView.swift in Sources */ = {isa = PBXBuildFile; fileRef = AB5C967C28084BCC0068EE76 /* ContentView.swift */; };
		AB5C968F28084BCE0068EE76 /* Assets.xcassets in Resources */ = {isa = PBXBuildFile; fileRef = AB5C967D28084BCE0068EE76 /* Assets.xcassets */; };
		AB5C969028084BCE0068EE76 /* Assets.xcassets in Resources */ = {isa = PBXBuildFile; fileRef = AB5C967D28084BCE0068EE76 /* Assets.xcassets */; };
		AB5C969D280980890068EE76 /* Game.swift in Sources */ = {isa = PBXBuildFile; fileRef = AB5C969C280980890068EE76 /* Game.swift */; };
		AB5C96A52809921F0068EE76 /* BullseyeTests.swift in Sources */ = {isa = PBXBuildFile; fileRef = AB5C96A42809921F0068EE76 /* BullseyeTests.swift */; };
		AB8C18DA2810226500C72A4A /* PointsView.swift in Sources */ = {isa = PBXBuildFile; fileRef = AB8C18D92810226500C72A4A /* PointsView.swift */; };
		AB8C18DB2810226500C72A4A /* PointsView.swift in Sources */ = {isa = PBXBuildFile; fileRef = AB8C18D92810226500C72A4A /* PointsView.swift */; };
		ABE0FC24280AEA83001A0F04 /* TextViews.swift in Sources */ = {isa = PBXBuildFile; fileRef = ABE0FC23280AEA83001A0F04 /* TextViews.swift */; };
		ABE0FC25280AEA83001A0F04 /* TextViews.swift in Sources */ = {isa = PBXBuildFile; fileRef = ABE0FC23280AEA83001A0F04 /* TextViews.swift */; };
/* End PBXBuildFile section */

/* Begin PBXContainerItemProxy section */
		AB5C96A62809921F0068EE76 /* PBXContainerItemProxy */ = {
			isa = PBXContainerItemProxy;
			containerPortal = AB5C967628084BCC0068EE76 /* Project object */;
			proxyType = 1;
			remoteGlobalIDString = AB5C968128084BCE0068EE76;
			remoteInfo = "Bullseye (iOS)";
		};
/* End PBXContainerItemProxy section */

/* Begin PBXFileReference section */
		AB27165F280C19ED00F094F3 /* RoundedViews.swift */ = {isa = PBXFileReference; lastKnownFileType = sourcecode.swift; path = RoundedViews.swift; sourceTree = "<group>"; };
		AB271662280C291B00F094F3 /* BackgroundView.swift */ = {isa = PBXFileReference; lastKnownFileType = sourcecode.swift; path = BackgroundView.swift; sourceTree = "<group>"; };
		AB5C967B28084BCC0068EE76 /* BullseyeApp.swift */ = {isa = PBXFileReference; lastKnownFileType = sourcecode.swift; path = BullseyeApp.swift; sourceTree = "<group>"; };
		AB5C967C28084BCC0068EE76 /* ContentView.swift */ = {isa = PBXFileReference; lastKnownFileType = sourcecode.swift; path = ContentView.swift; sourceTree = "<group>"; };
		AB5C967D28084BCE0068EE76 /* Assets.xcassets */ = {isa = PBXFileReference; lastKnownFileType = folder.assetcatalog; path = Assets.xcassets; sourceTree = "<group>"; };
		AB5C968228084BCE0068EE76 /* Bullseye.app */ = {isa = PBXFileReference; explicitFileType = wrapper.application; includeInIndex = 0; path = Bullseye.app; sourceTree = BUILT_PRODUCTS_DIR; };
		AB5C968828084BCE0068EE76 /* Bullseye.app */ = {isa = PBXFileReference; explicitFileType = wrapper.application; includeInIndex = 0; path = Bullseye.app; sourceTree = BUILT_PRODUCTS_DIR; };
		AB5C969C280980890068EE76 /* Game.swift */ = {isa = PBXFileReference; lastKnownFileType = sourcecode.swift; path = Game.swift; sourceTree = "<group>"; };
		AB5C96A22809921E0068EE76 /* BullseyeTests.xctest */ = {isa = PBXFileReference; explicitFileType = wrapper.cfbundle; includeInIndex = 0; path = BullseyeTests.xctest; sourceTree = BUILT_PRODUCTS_DIR; };
		AB5C96A42809921F0068EE76 /* BullseyeTests.swift */ = {isa = PBXFileReference; lastKnownFileType = sourcecode.swift; path = BullseyeTests.swift; sourceTree = "<group>"; };
		AB8C18D92810226500C72A4A /* PointsView.swift */ = {isa = PBXFileReference; lastKnownFileType = sourcecode.swift; path = PointsView.swift; sourceTree = "<group>"; };
		ABE0FC23280AEA83001A0F04 /* TextViews.swift */ = {isa = PBXFileReference; lastKnownFileType = sourcecode.swift; path = TextViews.swift; sourceTree = "<group>"; };
/* End PBXFileReference section */

/* Begin PBXFrameworksBuildPhase section */
		AB5C967F28084BCE0068EE76 /* Frameworks */ = {
			isa = PBXFrameworksBuildPhase;
			buildActionMask = 2147483647;
			files = (
			);
			runOnlyForDeploymentPostprocessing = 0;
		};
		AB5C968528084BCE0068EE76 /* Frameworks */ = {
			isa = PBXFrameworksBuildPhase;
			buildActionMask = 2147483647;
			files = (
			);
			runOnlyForDeploymentPostprocessing = 0;
		};
		AB5C969F2809921E0068EE76 /* Frameworks */ = {
			isa = PBXFrameworksBuildPhase;
			buildActionMask = 2147483647;
			files = (
			);
			runOnlyForDeploymentPostprocessing = 0;
		};
/* End PBXFrameworksBuildPhase section */

/* Begin PBXGroup section */
		AB5C967528084BCC0068EE76 = {
			isa = PBXGroup;
			children = (
				AB5C969B28097F670068EE76 /* App */,
				AB5C969A28097F430068EE76 /* Views */,
				AB5C969928097F2F0068EE76 /* Models */,
				AB5C96A32809921F0068EE76 /* BullseyeTests */,
				AB5C968328084BCE0068EE76 /* Products */,
			);
			sourceTree = "<group>";
		};
		AB5C968328084BCE0068EE76 /* Products */ = {
			isa = PBXGroup;
			children = (
				AB5C968228084BCE0068EE76 /* Bullseye.app */,
				AB5C968828084BCE0068EE76 /* Bullseye.app */,
				AB5C96A22809921E0068EE76 /* BullseyeTests.xctest */,
			);
			name = Products;
			sourceTree = "<group>";
		};
		AB5C969928097F2F0068EE76 /* Models */ = {
			isa = PBXGroup;
			children = (
				AB5C969C280980890068EE76 /* Game.swift */,
			);
			path = Models;
			sourceTree = "<group>";
		};
		AB5C969A28097F430068EE76 /* Views */ = {
			isa = PBXGroup;
			children = (
				AB5C967C28084BCC0068EE76 /* ContentView.swift */,
				ABE0FC23280AEA83001A0F04 /* TextViews.swift */,
				AB27165F280C19ED00F094F3 /* RoundedViews.swift */,
				AB271662280C291B00F094F3 /* BackgroundView.swift */,
				AB8C18D92810226500C72A4A /* PointsView.swift */,
			);
			path = Views;
			sourceTree = "<group>";
		};
		AB5C969B28097F670068EE76 /* App */ = {
			isa = PBXGroup;
			children = (
				AB5C967B28084BCC0068EE76 /* BullseyeApp.swift */,
				AB5C967D28084BCE0068EE76 /* Assets.xcassets */,
			);
			path = App;
			sourceTree = "<group>";
		};
		AB5C96A32809921F0068EE76 /* BullseyeTests */ = {
			isa = PBXGroup;
			children = (
				AB5C96A42809921F0068EE76 /* BullseyeTests.swift */,
			);
			path = BullseyeTests;
			sourceTree = "<group>";
		};
/* End PBXGroup section */

/* Begin PBXNativeTarget section */
		AB5C968128084BCE0068EE76 /* Bullseye (iOS) */ = {
			isa = PBXNativeTarget;
			buildConfigurationList = AB5C969328084BCE0068EE76 /* Build configuration list for PBXNativeTarget "Bullseye (iOS)" */;
			buildPhases = (
				AB5C967E28084BCE0068EE76 /* Sources */,
				AB5C967F28084BCE0068EE76 /* Frameworks */,
				AB5C968028084BCE0068EE76 /* Resources */,
			);
			buildRules = (
			);
			dependencies = (
			);
			name = "Bullseye (iOS)";
			productName = "Bullseye (iOS)";
			productReference = AB5C968228084BCE0068EE76 /* Bullseye.app */;
			productType = "com.apple.product-type.application";
		};
		AB5C968728084BCE0068EE76 /* Bullseye (macOS) */ = {
			isa = PBXNativeTarget;
			buildConfigurationList = AB5C969628084BCE0068EE76 /* Build configuration list for PBXNativeTarget "Bullseye (macOS)" */;
			buildPhases = (
				AB5C968428084BCE0068EE76 /* Sources */,
				AB5C968528084BCE0068EE76 /* Frameworks */,
				AB5C968628084BCE0068EE76 /* Resources */,
			);
			buildRules = (
			);
			dependencies = (
			);
			name = "Bullseye (macOS)";
			productName = "Bullseye (macOS)";
			productReference = AB5C968828084BCE0068EE76 /* Bullseye.app */;
			productType = "com.apple.product-type.application";
		};
		AB5C96A12809921E0068EE76 /* BullseyeTests */ = {
			isa = PBXNativeTarget;
			buildConfigurationList = AB5C96A82809921F0068EE76 /* Build configuration list for PBXNativeTarget "BullseyeTests" */;
			buildPhases = (
				AB5C969E2809921E0068EE76 /* Sources */,
				AB5C969F2809921E0068EE76 /* Frameworks */,
				AB5C96A02809921E0068EE76 /* Resources */,
			);
			buildRules = (
			);
			dependencies = (
				AB5C96A72809921F0068EE76 /* PBXTargetDependency */,
			);
			name = BullseyeTests;
			productName = BullseyeTests;
			productReference = AB5C96A22809921E0068EE76 /* BullseyeTests.xctest */;
			productType = "com.apple.product-type.bundle.unit-test";
		};
/* End PBXNativeTarget section */

/* Begin PBXProject section */
		AB5C967628084BCC0068EE76 /* Project object */ = {
			isa = PBXProject;
			attributes = {
				BuildIndependentTargetsInParallel = 1;
				LastSwiftUpdateCheck = 1330;
				LastUpgradeCheck = 1330;
				TargetAttributes = {
					AB5C968128084BCE0068EE76 = {
						CreatedOnToolsVersion = 13.3.1;
					};
					AB5C968728084BCE0068EE76 = {
						CreatedOnToolsVersion = 13.3.1;
					};
					AB5C96A12809921E0068EE76 = {
						CreatedOnToolsVersion = 13.3.1;
						TestTargetID = AB5C968128084BCE0068EE76;
					};
				};
			};
			buildConfigurationList = AB5C967928084BCC0068EE76 /* Build configuration list for PBXProject "Bullseye" */;
			compatibilityVersion = "Xcode 13.0";
			developmentRegion = en;
			hasScannedForEncodings = 0;
			knownRegions = (
				en,
				Base,
			);
			mainGroup = AB5C967528084BCC0068EE76;
			productRefGroup = AB5C968328084BCE0068EE76 /* Products */;
			projectDirPath = "";
			projectRoot = "";
			targets = (
				AB5C968128084BCE0068EE76 /* Bullseye (iOS) */,
				AB5C968728084BCE0068EE76 /* Bullseye (macOS) */,
				AB5C96A12809921E0068EE76 /* BullseyeTests */,
			);
		};
/* End PBXProject section */

/* Begin PBXResourcesBuildPhase section */
		AB5C968028084BCE0068EE76 /* Resources */ = {
			isa = PBXResourcesBuildPhase;
			buildActionMask = 2147483647;
			files = (
				AB5C968F28084BCE0068EE76 /* Assets.xcassets in Resources */,
			);
			runOnlyForDeploymentPostprocessing = 0;
		};
		AB5C968628084BCE0068EE76 /* Resources */ = {
			isa = PBXResourcesBuildPhase;
			buildActionMask = 2147483647;
			files = (
				AB5C969028084BCE0068EE76 /* Assets.xcassets in Resources */,
			);
			runOnlyForDeploymentPostprocessing = 0;
		};
		AB5C96A02809921E0068EE76 /* Resources */ = {
			isa = PBXResourcesBuildPhase;
			buildActionMask = 2147483647;
			files = (
			);
			runOnlyForDeploymentPostprocessing = 0;
		};
/* End PBXResourcesBuildPhase section */

/* Begin PBXSourcesBuildPhase section */
		AB5C967E28084BCE0068EE76 /* Sources */ = {
			isa = PBXSourcesBuildPhase;
			buildActionMask = 2147483647;
			files = (
				AB271663280C291B00F094F3 /* BackgroundView.swift in Sources */,
				AB5C968D28084BCE0068EE76 /* ContentView.swift in Sources */,
				ABE0FC24280AEA83001A0F04 /* TextViews.swift in Sources */,
				AB271660280C19ED00F094F3 /* RoundedViews.swift in Sources */,
				AB8C18DA2810226500C72A4A /* PointsView.swift in Sources */,
				AB5C969D280980890068EE76 /* Game.swift in Sources */,
				AB5C968B28084BCE0068EE76 /* BullseyeApp.swift in Sources */,
			);
			runOnlyForDeploymentPostprocessing = 0;
		};
		AB5C968428084BCE0068EE76 /* Sources */ = {
			isa = PBXSourcesBuildPhase;
			buildActionMask = 2147483647;
			files = (
				AB271664280C291B00F094F3 /* BackgroundView.swift in Sources */,
				AB271661280C19ED00F094F3 /* RoundedViews.swift in Sources */,
				AB8C18DB2810226500C72A4A /* PointsView.swift in Sources */,
				ABE0FC25280AEA83001A0F04 /* TextViews.swift in Sources */,
				AB5C968E28084BCE0068EE76 /* ContentView.swift in Sources */,
				AB5C968C28084BCE0068EE76 /* BullseyeApp.swift in Sources */,
			);
			runOnlyForDeploymentPostprocessing = 0;
		};
		AB5C969E2809921E0068EE76 /* Sources */ = {
			isa = PBXSourcesBuildPhase;
			buildActionMask = 2147483647;
			files = (
				AB5C96A52809921F0068EE76 /* BullseyeTests.swift in Sources */,
			);
			runOnlyForDeploymentPostprocessing = 0;
		};
/* End PBXSourcesBuildPhase section */

/* Begin PBXTargetDependency section */
		AB5C96A72809921F0068EE76 /* PBXTargetDependency */ = {
			isa = PBXTargetDependency;
			target = AB5C968128084BCE0068EE76 /* Bullseye (iOS) */;
			targetProxy = AB5C96A62809921F0068EE76 /* PBXContainerItemProxy */;
		};
/* End PBXTargetDependency section */

/* Begin XCBuildConfiguration section */
		AB5C969128084BCE0068EE76 /* Debug */ = {
			isa = XCBuildConfiguration;
			buildSettings = {
				ALWAYS_SEARCH_USER_PATHS = NO;
				CLANG_ANALYZER_NONNULL = YES;
				CLANG_ANALYZER_NUMBER_OBJECT_CONVERSION = YES_AGGRESSIVE;
				CLANG_CXX_LANGUAGE_STANDARD = "gnu++17";
				CLANG_ENABLE_MODULES = YES;
				CLANG_ENABLE_OBJC_ARC = YES;
				CLANG_ENABLE_OBJC_WEAK = YES;
				CLANG_WARN_BLOCK_CAPTURE_AUTORELEASING = YES;
				CLANG_WARN_BOOL_CONVERSION = YES;
				CLANG_WARN_COMMA = YES;
				CLANG_WARN_CONSTANT_CONVERSION = YES;
				CLANG_WARN_DEPRECATED_OBJC_IMPLEMENTATIONS = YES;
				CLANG_WARN_DIRECT_OBJC_ISA_USAGE = YES_ERROR;
				CLANG_WARN_DOCUMENTATION_COMMENTS = YES;
				CLANG_WARN_EMPTY_BODY = YES;
				CLANG_WARN_ENUM_CONVERSION = YES;
				CLANG_WARN_INFINITE_RECURSION = YES;
				CLANG_WARN_INT_CONVERSION = YES;
				CLANG_WARN_NON_LITERAL_NULL_CONVERSION = YES;
				CLANG_WARN_OBJC_IMPLICIT_RETAIN_SELF = YES;
				CLANG_WARN_OBJC_LITERAL_CONVERSION = YES;
				CLANG_WARN_OBJC_ROOT_CLASS = YES_ERROR;
				CLANG_WARN_QUOTED_INCLUDE_IN_FRAMEWORK_HEADER = YES;
				CLANG_WARN_RANGE_LOOP_ANALYSIS = YES;
				CLANG_WARN_STRICT_PROTOTYPES = YES;
				CLANG_WARN_SUSPICIOUS_MOVE = YES;
				CLANG_WARN_UNGUARDED_AVAILABILITY = YES_AGGRESSIVE;
				CLANG_WARN_UNREACHABLE_CODE = YES;
				CLANG_WARN__DUPLICATE_METHOD_MATCH = YES;
				COPY_PHASE_STRIP = NO;
				DEBUG_INFORMATION_FORMAT = dwarf;
				ENABLE_STRICT_OBJC_MSGSEND = YES;
				ENABLE_TESTABILITY = YES;
				GCC_C_LANGUAGE_STANDARD = gnu11;
				GCC_DYNAMIC_NO_PIC = NO;
				GCC_NO_COMMON_BLOCKS = YES;
				GCC_OPTIMIZATION_LEVEL = 0;
				GCC_PREPROCESSOR_DEFINITIONS = (
					"DEBUG=1",
					"$(inherited)",
				);
				GCC_WARN_64_TO_32_BIT_CONVERSION = YES;
				GCC_WARN_ABOUT_RETURN_TYPE = YES_ERROR;
				GCC_WARN_UNDECLARED_SELECTOR = YES;
				GCC_WARN_UNINITIALIZED_AUTOS = YES_AGGRESSIVE;
				GCC_WARN_UNUSED_FUNCTION = YES;
				GCC_WARN_UNUSED_VARIABLE = YES;
				MTL_ENABLE_DEBUG_INFO = INCLUDE_SOURCE;
				MTL_FAST_MATH = YES;
				ONLY_ACTIVE_ARCH = YES;
				SWIFT_ACTIVE_COMPILATION_CONDITIONS = DEBUG;
				SWIFT_OPTIMIZATION_LEVEL = "-Onone";
			};
			name = Debug;
		};
		AB5C969228084BCE0068EE76 /* Release */ = {
			isa = XCBuildConfiguration;
			buildSettings = {
				ALWAYS_SEARCH_USER_PATHS = NO;
				CLANG_ANALYZER_NONNULL = YES;
				CLANG_ANALYZER_NUMBER_OBJECT_CONVERSION = YES_AGGRESSIVE;
				CLANG_CXX_LANGUAGE_STANDARD = "gnu++17";
				CLANG_ENABLE_MODULES = YES;
				CLANG_ENABLE_OBJC_ARC = YES;
				CLANG_ENABLE_OBJC_WEAK = YES;
				CLANG_WARN_BLOCK_CAPTURE_AUTORELEASING = YES;
				CLANG_WARN_BOOL_CONVERSION = YES;
				CLANG_WARN_COMMA = YES;
				CLANG_WARN_CONSTANT_CONVERSION = YES;
				CLANG_WARN_DEPRECATED_OBJC_IMPLEMENTATIONS = YES;
				CLANG_WARN_DIRECT_OBJC_ISA_USAGE = YES_ERROR;
				CLANG_WARN_DOCUMENTATION_COMMENTS = YES;
				CLANG_WARN_EMPTY_BODY = YES;
				CLANG_WARN_ENUM_CONVERSION = YES;
				CLANG_WARN_INFINITE_RECURSION = YES;
				CLANG_WARN_INT_CONVERSION = YES;
				CLANG_WARN_NON_LITERAL_NULL_CONVERSION = YES;
				CLANG_WARN_OBJC_IMPLICIT_RETAIN_SELF = YES;
				CLANG_WARN_OBJC_LITERAL_CONVERSION = YES;
				CLANG_WARN_OBJC_ROOT_CLASS = YES_ERROR;
				CLANG_WARN_QUOTED_INCLUDE_IN_FRAMEWORK_HEADER = YES;
				CLANG_WARN_RANGE_LOOP_ANALYSIS = YES;
				CLANG_WARN_STRICT_PROTOTYPES = YES;
				CLANG_WARN_SUSPICIOUS_MOVE = YES;
				CLANG_WARN_UNGUARDED_AVAILABILITY = YES_AGGRESSIVE;
				CLANG_WARN_UNREACHABLE_CODE = YES;
				CLANG_WARN__DUPLICATE_METHOD_MATCH = YES;
				COPY_PHASE_STRIP = NO;
				DEBUG_INFORMATION_FORMAT = "dwarf-with-dsym";
				ENABLE_NS_ASSERTIONS = NO;
				ENABLE_STRICT_OBJC_MSGSEND = YES;
				GCC_C_LANGUAGE_STANDARD = gnu11;
				GCC_NO_COMMON_BLOCKS = YES;
				GCC_WARN_64_TO_32_BIT_CONVERSION = YES;
				GCC_WARN_ABOUT_RETURN_TYPE = YES_ERROR;
				GCC_WARN_UNDECLARED_SELECTOR = YES;
				GCC_WARN_UNINITIALIZED_AUTOS = YES_AGGRESSIVE;
				GCC_WARN_UNUSED_FUNCTION = YES;
				GCC_WARN_UNUSED_VARIABLE = YES;
				MTL_ENABLE_DEBUG_INFO = NO;
				MTL_FAST_MATH = YES;
				SWIFT_COMPILATION_MODE = wholemodule;
				SWIFT_OPTIMIZATION_LEVEL = "-O";
			};
			name = Release;
		};
		AB5C969428084BCE0068EE76 /* Debug */ = {
			isa = XCBuildConfiguration;
			buildSettings = {
				ASSETCATALOG_COMPILER_APPICON_NAME = AppIcon;
				ASSETCATALOG_COMPILER_GLOBAL_ACCENT_COLOR_NAME = AccentColor;
				CODE_SIGN_STYLE = Automatic;
				CURRENT_PROJECT_VERSION = 1;
				DEVELOPMENT_TEAM = APLV594UHB;
				ENABLE_PREVIEWS = YES;
				GENERATE_INFOPLIST_FILE = YES;
				INFOPLIST_KEY_UIApplicationSceneManifest_Generation = YES;
				INFOPLIST_KEY_UIApplicationSupportsIndirectInputEvents = YES;
				INFOPLIST_KEY_UILaunchScreen_Generation = YES;
				INFOPLIST_KEY_UISupportedInterfaceOrientations_iPad = "UIInterfaceOrientationPortrait UIInterfaceOrientationPortraitUpsideDown UIInterfaceOrientationLandscapeLeft UIInterfaceOrientationLandscapeRight";
				INFOPLIST_KEY_UISupportedInterfaceOrientations_iPhone = "UIInterfaceOrientationPortrait UIInterfaceOrientationLandscapeLeft UIInterfaceOrientationLandscapeRight";
				IPHONEOS_DEPLOYMENT_TARGET = 15.4;
				LD_RUNPATH_SEARCH_PATHS = (
					"$(inherited)",
					"@executable_path/Frameworks",
				);
				MARKETING_VERSION = 1.0;
				PRODUCT_BUNDLE_IDENTIFIER = rikunagi.Bullseye;
				PRODUCT_NAME = Bullseye;
				SDKROOT = iphoneos;
				SWIFT_EMIT_LOC_STRINGS = YES;
				SWIFT_VERSION = 5.0;
				TARGETED_DEVICE_FAMILY = "1,2";
			};
			name = Debug;
		};
		AB5C969528084BCE0068EE76 /* Release */ = {
			isa = XCBuildConfiguration;
			buildSettings = {
				ASSETCATALOG_COMPILER_APPICON_NAME = AppIcon;
				ASSETCATALOG_COMPILER_GLOBAL_ACCENT_COLOR_NAME = AccentColor;
				CODE_SIGN_STYLE = Automatic;
				CURRENT_PROJECT_VERSION = 1;
				DEVELOPMENT_TEAM = APLV594UHB;
				ENABLE_PREVIEWS = YES;
				GENERATE_INFOPLIST_FILE = YES;
				INFOPLIST_KEY_UIApplicationSceneManifest_Generation = YES;
				INFOPLIST_KEY_UIApplicationSupportsIndirectInputEvents = YES;
				INFOPLIST_KEY_UILaunchScreen_Generation = YES;
				INFOPLIST_KEY_UISupportedInterfaceOrientations_iPad = "UIInterfaceOrientationPortrait UIInterfaceOrientationPortraitUpsideDown UIInterfaceOrientationLandscapeLeft UIInterfaceOrientationLandscapeRight";
				INFOPLIST_KEY_UISupportedInterfaceOrientations_iPhone = "UIInterfaceOrientationPortrait UIInterfaceOrientationLandscapeLeft UIInterfaceOrientationLandscapeRight";
				IPHONEOS_DEPLOYMENT_TARGET = 15.4;
				LD_RUNPATH_SEARCH_PATHS = (
					"$(inherited)",
					"@executable_path/Frameworks",
				);
				MARKETING_VERSION = 1.0;
				PRODUCT_BUNDLE_IDENTIFIER = rikunagi.Bullseye;
				PRODUCT_NAME = Bullseye;
				SDKROOT = iphoneos;
				SWIFT_EMIT_LOC_STRINGS = YES;
				SWIFT_VERSION = 5.0;
				TARGETED_DEVICE_FAMILY = "1,2";
				VALIDATE_PRODUCT = YES;
			};
			name = Release;
		};
		AB5C969728084BCE0068EE76 /* Debug */ = {
			isa = XCBuildConfiguration;
			buildSettings = {
				ASSETCATALOG_COMPILER_APPICON_NAME = AppIcon;
				ASSETCATALOG_COMPILER_GLOBAL_ACCENT_COLOR_NAME = AccentColor;
				CODE_SIGN_ENTITLEMENTS = macOS/macOS.entitlements;
				CODE_SIGN_STYLE = Automatic;
				COMBINE_HIDPI_IMAGES = YES;
				CURRENT_PROJECT_VERSION = 1;
				DEVELOPMENT_TEAM = APLV594UHB;
				ENABLE_HARDENED_RUNTIME = YES;
				ENABLE_PREVIEWS = YES;
				GENERATE_INFOPLIST_FILE = YES;
				INFOPLIST_KEY_NSHumanReadableCopyright = "";
				LD_RUNPATH_SEARCH_PATHS = (
					"$(inherited)",
					"@executable_path/../Frameworks",
				);
				MACOSX_DEPLOYMENT_TARGET = 12.2;
				MARKETING_VERSION = 1.0;
				PRODUCT_BUNDLE_IDENTIFIER = rikunagi.Bullseye;
				PRODUCT_NAME = Bullseye;
				SDKROOT = macosx;
				SWIFT_EMIT_LOC_STRINGS = YES;
				SWIFT_VERSION = 5.0;
			};
			name = Debug;
		};
		AB5C969828084BCE0068EE76 /* Release */ = {
			isa = XCBuildConfiguration;
			buildSettings = {
				ASSETCATALOG_COMPILER_APPICON_NAME = AppIcon;
				ASSETCATALOG_COMPILER_GLOBAL_ACCENT_COLOR_NAME = AccentColor;
				CODE_SIGN_ENTITLEMENTS = macOS/macOS.entitlements;
				CODE_SIGN_STYLE = Automatic;
				COMBINE_HIDPI_IMAGES = YES;
				CURRENT_PROJECT_VERSION = 1;
				DEVELOPMENT_TEAM = APLV594UHB;
				ENABLE_HARDENED_RUNTIME = YES;
				ENABLE_PREVIEWS = YES;
				GENERATE_INFOPLIST_FILE = YES;
				INFOPLIST_KEY_NSHumanReadableCopyright = "";
				LD_RUNPATH_SEARCH_PATHS = (
					"$(inherited)",
					"@executable_path/../Frameworks",
				);
				MACOSX_DEPLOYMENT_TARGET = 12.2;
				MARKETING_VERSION = 1.0;
				PRODUCT_BUNDLE_IDENTIFIER = rikunagi.Bullseye;
				PRODUCT_NAME = Bullseye;
				SDKROOT = macosx;
				SWIFT_EMIT_LOC_STRINGS = YES;
				SWIFT_VERSION = 5.0;
			};
			name = Release;
		};
		AB5C96A92809921F0068EE76 /* Debug */ = {
			isa = XCBuildConfiguration;
			buildSettings = {
				BUNDLE_LOADER = "$(TEST_HOST)";
				CODE_SIGN_STYLE = Automatic;
				CURRENT_PROJECT_VERSION = 1;
				DEVELOPMENT_TEAM = APLV594UHB;
				GENERATE_INFOPLIST_FILE = YES;
				IPHONEOS_DEPLOYMENT_TARGET = 15.4;
				MARKETING_VERSION = 1.0;
				PRODUCT_BUNDLE_IDENTIFIER = rikunagi.BullseyeTests;
				PRODUCT_NAME = "$(TARGET_NAME)";
				SDKROOT = iphoneos;
				SWIFT_EMIT_LOC_STRINGS = NO;
				SWIFT_VERSION = 5.0;
				TARGETED_DEVICE_FAMILY = "1,2";
				TEST_HOST = "$(BUILT_PRODUCTS_DIR)/Bullseye.app/Bullseye";
			};
			name = Debug;
		};
		AB5C96AA2809921F0068EE76 /* Release */ = {
			isa = XCBuildConfiguration;
			buildSettings = {
				BUNDLE_LOADER = "$(TEST_HOST)";
				CODE_SIGN_STYLE = Automatic;
				CURRENT_PROJECT_VERSION = 1;
				DEVELOPMENT_TEAM = APLV594UHB;
				GENERATE_INFOPLIST_FILE = YES;
				IPHONEOS_DEPLOYMENT_TARGET = 15.4;
				MARKETING_VERSION = 1.0;
				PRODUCT_BUNDLE_IDENTIFIER = rikunagi.BullseyeTests;
				PRODUCT_NAME = "$(TARGET_NAME)";
				SDKROOT = iphoneos;
				SWIFT_EMIT_LOC_STRINGS = NO;
				SWIFT_VERSION = 5.0;
				TARGETED_DEVICE_FAMILY = "1,2";
				TEST_HOST = "$(BUILT_PRODUCTS_DIR)/Bullseye.app/Bullseye";
				VALIDATE_PRODUCT = YES;
			};
			name = Release;
		};
/* End XCBuildConfiguration section */

/* Begin XCConfigurationList section */
		AB5C967928084BCC0068EE76 /* Build configuration list for PBXProject "Bullseye" */ = {
			isa = XCConfigurationList;
			buildConfigurations = (
				AB5C969128084BCE0068EE76 /* Debug */,
				AB5C969228084BCE0068EE76 /* Release */,
			);
			defaultConfigurationIsVisible = 0;
			defaultConfigurationName = Release;
		};
		AB5C969328084BCE0068EE76 /* Build configuration list for PBXNativeTarget "Bullseye (iOS)" */ = {
			isa = XCConfigurationList;
			buildConfigurations = (
				AB5C969428084BCE0068EE76 /* Debug */,
				AB5C969528084BCE0068EE76 /* Release */,
			);
			defaultConfigurationIsVisible = 0;
			defaultConfigurationName = Release;
		};
		AB5C969628084BCE0068EE76 /* Build configuration list for PBXNativeTarget "Bullseye (macOS)" */ = {
			isa = XCConfigurationList;
			buildConfigurations = (
				AB5C969728084BCE0068EE76 /* Debug */,
				AB5C969828084BCE0068EE76 /* Release */,
			);
			defaultConfigurationIsVisible = 0;
			defaultConfigurationName = Release;
		};
		AB5C96A82809921F0068EE76 /* Build configuration list for PBXNativeTarget "BullseyeTests" */ = {
			isa = XCConfigurationList;
			buildConfigurations = (
				AB5C96A92809921F0068EE76 /* Debug */,
				AB5C96AA2809921F0068EE76 /* Release */,
			);
			defaultConfigurationIsVisible = 0;
			defaultConfigurationName = Release;
		};
/* End XCConfigurationList section */
	};
	rootObject = AB5C967628084BCC0068EE76 /* Project object */;
}
